// !$*UTF8*$!
{
	archiveVersion = 1;
	classes = {
	};
	objectVersion = 51;
	objects = {

/* Begin PBXBuildFile section */
		0B91B7C4CADF853248070CCC /* Pods_FlixTests.framework in Frameworks */ = {isa = PBXBuildFile; fileRef = 394F9CB6BC91590E4569E66B /* Pods_FlixTests.framework */; };
		383B0280EA36E5D3562FC740 /* Pods_Flix.framework in Frameworks */ = {isa = PBXBuildFile; fileRef = 54C792D423496280D6FF65F5 /* Pods_Flix.framework */; };
		9EC8425525D5D50800E12416 /* AppDelegate.swift in Sources */ = {isa = PBXBuildFile; fileRef = 9EC8425425D5D50800E12416 /* AppDelegate.swift */; };
		9EC8425725D5D50800E12416 /* SceneDelegate.swift in Sources */ = {isa = PBXBuildFile; fileRef = 9EC8425625D5D50800E12416 /* SceneDelegate.swift */; };
		9EC8425C25D5D50800E12416 /* Main.storyboard in Resources */ = {isa = PBXBuildFile; fileRef = 9EC8425A25D5D50800E12416 /* Main.storyboard */; };
		9EC8425E25D5D50C00E12416 /* Assets.xcassets in Resources */ = {isa = PBXBuildFile; fileRef = 9EC8425D25D5D50C00E12416 /* Assets.xcassets */; };
		9EC8426125D5D50C00E12416 /* LaunchScreen.storyboard in Resources */ = {isa = PBXBuildFile; fileRef = 9EC8425F25D5D50C00E12416 /* LaunchScreen.storyboard */; };
		9EC8426C25D5D50C00E12416 /* FlixTests.swift in Sources */ = {isa = PBXBuildFile; fileRef = 9EC8426B25D5D50C00E12416 /* FlixTests.swift */; };
		9EC8427725D5D50C00E12416 /* FlixUITests.swift in Sources */ = {isa = PBXBuildFile; fileRef = 9EC8427625D5D50C00E12416 /* FlixUITests.swift */; };
		9EC8429C25D5E9D800E12416 /* MoviesViewController.swift in Sources */ = {isa = PBXBuildFile; fileRef = 9EC8429B25D5E9D800E12416 /* MoviesViewController.swift */; };
		9EC842A425D6005D00E12416 /* MovieCell.swift in Sources */ = {isa = PBXBuildFile; fileRef = 9EC842A325D6005D00E12416 /* MovieCell.swift */; };
		C0DD0DCEC16F0420E604911A /* Pods_Flix_FlixUITests.framework in Frameworks */ = {isa = PBXBuildFile; fileRef = 0B963FBCC1361E12D649832A /* Pods_Flix_FlixUITests.framework */; };
/* End PBXBuildFile section */

/* Begin PBXContainerItemProxy section */
		9EC8426825D5D50C00E12416 /* PBXContainerItemProxy */ = {
			isa = PBXContainerItemProxy;
			containerPortal = 9EC8424925D5D50800E12416 /* Project object */;
			proxyType = 1;
			remoteGlobalIDString = 9EC8425025D5D50800E12416;
			remoteInfo = Flix;
		};
		9EC8427325D5D50C00E12416 /* PBXContainerItemProxy */ = {
			isa = PBXContainerItemProxy;
			containerPortal = 9EC8424925D5D50800E12416 /* Project object */;
			proxyType = 1;
			remoteGlobalIDString = 9EC8425025D5D50800E12416;
			remoteInfo = Flix;
		};
/* End PBXContainerItemProxy section */

/* Begin PBXFileReference section */
		0B963FBCC1361E12D649832A /* Pods_Flix_FlixUITests.framework */ = {isa = PBXFileReference; explicitFileType = wrapper.framework; includeInIndex = 0; path = Pods_Flix_FlixUITests.framework; sourceTree = BUILT_PRODUCTS_DIR; };
		2113BD0ACA3B71170F5C3D8F /* Pods-FlixTests.debug.xcconfig */ = {isa = PBXFileReference; includeInIndex = 1; lastKnownFileType = text.xcconfig; name = "Pods-FlixTests.debug.xcconfig"; path = "Target Support Files/Pods-FlixTests/Pods-FlixTests.debug.xcconfig"; sourceTree = "<group>"; };
		394F9CB6BC91590E4569E66B /* Pods_FlixTests.framework */ = {isa = PBXFileReference; explicitFileType = wrapper.framework; includeInIndex = 0; path = Pods_FlixTests.framework; sourceTree = BUILT_PRODUCTS_DIR; };
		44DFE8D1EFE6C97567E4C0D6 /* Pods-FlixTests.release.xcconfig */ = {isa = PBXFileReference; includeInIndex = 1; lastKnownFileType = text.xcconfig; name = "Pods-FlixTests.release.xcconfig"; path = "Target Support Files/Pods-FlixTests/Pods-FlixTests.release.xcconfig"; sourceTree = "<group>"; };
		54C792D423496280D6FF65F5 /* Pods_Flix.framework */ = {isa = PBXFileReference; explicitFileType = wrapper.framework; includeInIndex = 0; path = Pods_Flix.framework; sourceTree = BUILT_PRODUCTS_DIR; };
		9EC8425125D5D50800E12416 /* Flix.app */ = {isa = PBXFileReference; explicitFileType = wrapper.application; includeInIndex = 0; path = Flix.app; sourceTree = BUILT_PRODUCTS_DIR; };
		9EC8425425D5D50800E12416 /* AppDelegate.swift */ = {isa = PBXFileReference; lastKnownFileType = sourcecode.swift; path = AppDelegate.swift; sourceTree = "<group>"; };
		9EC8425625D5D50800E12416 /* SceneDelegate.swift */ = {isa = PBXFileReference; lastKnownFileType = sourcecode.swift; path = SceneDelegate.swift; sourceTree = "<group>"; };
		9EC8425B25D5D50800E12416 /* Base */ = {isa = PBXFileReference; lastKnownFileType = file.storyboard; name = Base; path = Base.lproj/Main.storyboard; sourceTree = "<group>"; };
		9EC8425D25D5D50C00E12416 /* Assets.xcassets */ = {isa = PBXFileReference; lastKnownFileType = folder.assetcatalog; path = Assets.xcassets; sourceTree = "<group>"; };
		9EC8426025D5D50C00E12416 /* Base */ = {isa = PBXFileReference; lastKnownFileType = file.storyboard; name = Base; path = Base.lproj/LaunchScreen.storyboard; sourceTree = "<group>"; };
		9EC8426225D5D50C00E12416 /* Info.plist */ = {isa = PBXFileReference; lastKnownFileType = text.plist.xml; path = Info.plist; sourceTree = "<group>"; };
		9EC8426725D5D50C00E12416 /* FlixTests.xctest */ = {isa = PBXFileReference; explicitFileType = wrapper.cfbundle; includeInIndex = 0; path = FlixTests.xctest; sourceTree = BUILT_PRODUCTS_DIR; };
		9EC8426B25D5D50C00E12416 /* FlixTests.swift */ = {isa = PBXFileReference; lastKnownFileType = sourcecode.swift; path = FlixTests.swift; sourceTree = "<group>"; };
		9EC8426D25D5D50C00E12416 /* Info.plist */ = {isa = PBXFileReference; lastKnownFileType = text.plist.xml; path = Info.plist; sourceTree = "<group>"; };
		9EC8427225D5D50C00E12416 /* FlixUITests.xctest */ = {isa = PBXFileReference; explicitFileType = wrapper.cfbundle; includeInIndex = 0; path = FlixUITests.xctest; sourceTree = BUILT_PRODUCTS_DIR; };
		9EC8427625D5D50C00E12416 /* FlixUITests.swift */ = {isa = PBXFileReference; lastKnownFileType = sourcecode.swift; path = FlixUITests.swift; sourceTree = "<group>"; };
		9EC8427825D5D50C00E12416 /* Info.plist */ = {isa = PBXFileReference; lastKnownFileType = text.plist.xml; path = Info.plist; sourceTree = "<group>"; };
		9EC8429B25D5E9D800E12416 /* MoviesViewController.swift */ = {isa = PBXFileReference; lastKnownFileType = sourcecode.swift; path = MoviesViewController.swift; sourceTree = "<group>"; };
		9EC842A325D6005D00E12416 /* MovieCell.swift */ = {isa = PBXFileReference; lastKnownFileType = sourcecode.swift; path = MovieCell.swift; sourceTree = "<group>"; };
		A49A4318201E6406444E511C /* Pods-Flix-FlixUITests.debug.xcconfig */ = {isa = PBXFileReference; includeInIndex = 1; lastKnownFileType = text.xcconfig; name = "Pods-Flix-FlixUITests.debug.xcconfig"; path = "Target Support Files/Pods-Flix-FlixUITests/Pods-Flix-FlixUITests.debug.xcconfig"; sourceTree = "<group>"; };
		B30E0565637B6F0B42726C98 /* Pods-Flix.debug.xcconfig */ = {isa = PBXFileReference; includeInIndex = 1; lastKnownFileType = text.xcconfig; name = "Pods-Flix.debug.xcconfig"; path = "Target Support Files/Pods-Flix/Pods-Flix.debug.xcconfig"; sourceTree = "<group>"; };
		C174B06B25E1DA3E3A30D46F /* Pods-Flix.release.xcconfig */ = {isa = PBXFileReference; includeInIndex = 1; lastKnownFileType = text.xcconfig; name = "Pods-Flix.release.xcconfig"; path = "Target Support Files/Pods-Flix/Pods-Flix.release.xcconfig"; sourceTree = "<group>"; };
		EF81B4ABDCDFE940AD431311 /* Pods-Flix-FlixUITests.release.xcconfig */ = {isa = PBXFileReference; includeInIndex = 1; lastKnownFileType = text.xcconfig; name = "Pods-Flix-FlixUITests.release.xcconfig"; path = "Target Support Files/Pods-Flix-FlixUITests/Pods-Flix-FlixUITests.release.xcconfig"; sourceTree = "<group>"; };
/* End PBXFileReference section */

/* Begin PBXFrameworksBuildPhase section */
		9EC8424E25D5D50800E12416 /* Frameworks */ = {
			isa = PBXFrameworksBuildPhase;
			buildActionMask = 2147483647;
			files = (
				383B0280EA36E5D3562FC740 /* Pods_Flix.framework in Frameworks */,
			);
			runOnlyForDeploymentPostprocessing = 0;
		};
		9EC8426425D5D50C00E12416 /* Frameworks */ = {
			isa = PBXFrameworksBuildPhase;
			buildActionMask = 2147483647;
			files = (
				0B91B7C4CADF853248070CCC /* Pods_FlixTests.framework in Frameworks */,
			);
			runOnlyForDeploymentPostprocessing = 0;
		};
		9EC8426F25D5D50C00E12416 /* Frameworks */ = {
			isa = PBXFrameworksBuildPhase;
			buildActionMask = 2147483647;
			files = (
				C0DD0DCEC16F0420E604911A /* Pods_Flix_FlixUITests.framework in Frameworks */,
			);
			runOnlyForDeploymentPostprocessing = 0;
		};
/* End PBXFrameworksBuildPhase section */

/* Begin PBXGroup section */
		7BF80C05025E31F69796732A /* Frameworks */ = {
			isa = PBXGroup;
			children = (
				54C792D423496280D6FF65F5 /* Pods_Flix.framework */,
				0B963FBCC1361E12D649832A /* Pods_Flix_FlixUITests.framework */,
				394F9CB6BC91590E4569E66B /* Pods_FlixTests.framework */,
			);
			name = Frameworks;
			sourceTree = "<group>";
		};
		824C0A6A461ED7296A239E90 /* Pods */ = {
			isa = PBXGroup;
			children = (
				B30E0565637B6F0B42726C98 /* Pods-Flix.debug.xcconfig */,
				C174B06B25E1DA3E3A30D46F /* Pods-Flix.release.xcconfig */,
				A49A4318201E6406444E511C /* Pods-Flix-FlixUITests.debug.xcconfig */,
				EF81B4ABDCDFE940AD431311 /* Pods-Flix-FlixUITests.release.xcconfig */,
				2113BD0ACA3B71170F5C3D8F /* Pods-FlixTests.debug.xcconfig */,
				44DFE8D1EFE6C97567E4C0D6 /* Pods-FlixTests.release.xcconfig */,
			);
			path = Pods;
			sourceTree = "<group>";
		};
		9EC8424825D5D50800E12416 = {
			isa = PBXGroup;
			children = (
				9EC8425325D5D50800E12416 /* Flix */,
				9EC8426A25D5D50C00E12416 /* FlixTests */,
				9EC8427525D5D50C00E12416 /* FlixUITests */,
				9EC8425225D5D50800E12416 /* Products */,
				824C0A6A461ED7296A239E90 /* Pods */,
				7BF80C05025E31F69796732A /* Frameworks */,
			);
			sourceTree = "<group>";
		};
		9EC8425225D5D50800E12416 /* Products */ = {
			isa = PBXGroup;
			children = (
				9EC8425125D5D50800E12416 /* Flix.app */,
				9EC8426725D5D50C00E12416 /* FlixTests.xctest */,
				9EC8427225D5D50C00E12416 /* FlixUITests.xctest */,
			);
			name = Products;
			sourceTree = "<group>";
		};
		9EC8425325D5D50800E12416 /* Flix */ = {
			isa = PBXGroup;
			children = (
				9EC8425425D5D50800E12416 /* AppDelegate.swift */,
				9EC8425625D5D50800E12416 /* SceneDelegate.swift */,
				9EC8425A25D5D50800E12416 /* Main.storyboard */,
				9EC842A325D6005D00E12416 /* MovieCell.swift */,
				9EC8425D25D5D50C00E12416 /* Assets.xcassets */,
				9EC8425F25D5D50C00E12416 /* LaunchScreen.storyboard */,
				9EC8426225D5D50C00E12416 /* Info.plist */,
				9EC8429B25D5E9D800E12416 /* MoviesViewController.swift */,
			);
			path = Flix;
			sourceTree = "<group>";
		};
		9EC8426A25D5D50C00E12416 /* FlixTests */ = {
			isa = PBXGroup;
			children = (
				9EC8426B25D5D50C00E12416 /* FlixTests.swift */,
				9EC8426D25D5D50C00E12416 /* Info.plist */,
			);
			path = FlixTests;
			sourceTree = "<group>";
		};
		9EC8427525D5D50C00E12416 /* FlixUITests */ = {
			isa = PBXGroup;
			children = (
				9EC8427625D5D50C00E12416 /* FlixUITests.swift */,
				9EC8427825D5D50C00E12416 /* Info.plist */,
			);
			path = FlixUITests;
			sourceTree = "<group>";
		};
/* End PBXGroup section */

/* Begin PBXNativeTarget section */
		9EC8425025D5D50800E12416 /* Flix */ = {
			isa = PBXNativeTarget;
			buildConfigurationList = 9EC8427B25D5D50C00E12416 /* Build configuration list for PBXNativeTarget "Flix" */;
			buildPhases = (
				BC442F5AFDA708F6157A312A /* [CP] Check Pods Manifest.lock */,
				9EC8424D25D5D50800E12416 /* Sources */,
				9EC8424E25D5D50800E12416 /* Frameworks */,
				9EC8424F25D5D50800E12416 /* Resources */,
				0BADAEF67D9A9C24D6E9DD5D /* [CP] Embed Pods Frameworks */,
			);
			buildRules = (
			);
			dependencies = (
			);
			name = Flix;
			productName = Flix;
			productReference = 9EC8425125D5D50800E12416 /* Flix.app */;
			productType = "com.apple.product-type.application";
		};
		9EC8426625D5D50C00E12416 /* FlixTests */ = {
			isa = PBXNativeTarget;
			buildConfigurationList = 9EC8427E25D5D50C00E12416 /* Build configuration list for PBXNativeTarget "FlixTests" */;
			buildPhases = (
				5239CAAB9C853137054BB5D7 /* [CP] Check Pods Manifest.lock */,
				9EC8426325D5D50C00E12416 /* Sources */,
				9EC8426425D5D50C00E12416 /* Frameworks */,
				9EC8426525D5D50C00E12416 /* Resources */,
			);
			buildRules = (
			);
			dependencies = (
				9EC8426925D5D50C00E12416 /* PBXTargetDependency */,
			);
			name = FlixTests;
			productName = FlixTests;
			productReference = 9EC8426725D5D50C00E12416 /* FlixTests.xctest */;
			productType = "com.apple.product-type.bundle.unit-test";
		};
		9EC8427125D5D50C00E12416 /* FlixUITests */ = {
			isa = PBXNativeTarget;
			buildConfigurationList = 9EC8428125D5D50C00E12416 /* Build configuration list for PBXNativeTarget "FlixUITests" */;
			buildPhases = (
				858AB32E3D3D3A5BD01965AC /* [CP] Check Pods Manifest.lock */,
				9EC8426E25D5D50C00E12416 /* Sources */,
				9EC8426F25D5D50C00E12416 /* Frameworks */,
				9EC8427025D5D50C00E12416 /* Resources */,
				AE5B138579DA9E24A5853DF4 /* [CP] Embed Pods Frameworks */,
			);
			buildRules = (
			);
			dependencies = (
				9EC8427425D5D50C00E12416 /* PBXTargetDependency */,
			);
			name = FlixUITests;
			productName = FlixUITests;
			productReference = 9EC8427225D5D50C00E12416 /* FlixUITests.xctest */;
			productType = "com.apple.product-type.bundle.ui-testing";
		};
/* End PBXNativeTarget section */

/* Begin PBXProject section */
		9EC8424925D5D50800E12416 /* Project object */ = {
			isa = PBXProject;
			attributes = {
				LastSwiftUpdateCheck = 1230;
				LastUpgradeCheck = 1230;
				TargetAttributes = {
					9EC8425025D5D50800E12416 = {
						CreatedOnToolsVersion = 12.3;
					};
					9EC8426625D5D50C00E12416 = {
						CreatedOnToolsVersion = 12.3;
						TestTargetID = 9EC8425025D5D50800E12416;
					};
					9EC8427125D5D50C00E12416 = {
						CreatedOnToolsVersion = 12.3;
						TestTargetID = 9EC8425025D5D50800E12416;
					};
				};
			};
			buildConfigurationList = 9EC8424C25D5D50800E12416 /* Build configuration list for PBXProject "Flix" */;
			compatibilityVersion = "Xcode 9.3";
			developmentRegion = en;
			hasScannedForEncodings = 0;
			knownRegions = (
				en,
				Base,
			);
			mainGroup = 9EC8424825D5D50800E12416;
			productRefGroup = 9EC8425225D5D50800E12416 /* Products */;
			projectDirPath = "";
			projectRoot = "";
			targets = (
				9EC8425025D5D50800E12416 /* Flix */,
				9EC8426625D5D50C00E12416 /* FlixTests */,
				9EC8427125D5D50C00E12416 /* FlixUITests */,
			);
		};
/* End PBXProject section */

/* Begin PBXResourcesBuildPhase section */
		9EC8424F25D5D50800E12416 /* Resources */ = {
			isa = PBXResourcesBuildPhase;
			buildActionMask = 2147483647;
			files = (
				9EC8426125D5D50C00E12416 /* LaunchScreen.storyboard in Resources */,
				9EC8425E25D5D50C00E12416 /* Assets.xcassets in Resources */,
				9EC8425C25D5D50800E12416 /* Main.storyboard in Resources */,
			);
			runOnlyForDeploymentPostprocessing = 0;
		};
		9EC8426525D5D50C00E12416 /* Resources */ = {
			isa = PBXResourcesBuildPhase;
			buildActionMask = 2147483647;
			files = (
			);
			runOnlyForDeploymentPostprocessing = 0;
		};
		9EC8427025D5D50C00E12416 /* Resources */ = {
			isa = PBXResourcesBuildPhase;
			buildActionMask = 2147483647;
			files = (
			);
			runOnlyForDeploymentPostprocessing = 0;
		};
/* End PBXResourcesBuildPhase section */

/* Begin PBXShellScriptBuildPhase section */
		0BADAEF67D9A9C24D6E9DD5D /* [CP] Embed Pods Frameworks */ = {
			isa = PBXShellScriptBuildPhase;
			buildActionMask = 2147483647;
			files = (
			);
			inputFileListPaths = (
				"${PODS_ROOT}/Target Support Files/Pods-Flix/Pods-Flix-frameworks-${CONFIGURATION}-input-files.xcfilelist",
			);
			name = "[CP] Embed Pods Frameworks";
			outputFileListPaths = (
				"${PODS_ROOT}/Target Support Files/Pods-Flix/Pods-Flix-frameworks-${CONFIGURATION}-output-files.xcfilelist",
			);
			runOnlyForDeploymentPostprocessing = 0;
			shellPath = /bin/sh;
			shellScript = "\"${PODS_ROOT}/Target Support Files/Pods-Flix/Pods-Flix-frameworks.sh\"\n";
			showEnvVarsInLog = 0;
		};
		5239CAAB9C853137054BB5D7 /* [CP] Check Pods Manifest.lock */ = {
			isa = PBXShellScriptBuildPhase;
			buildActionMask = 2147483647;
			files = (
			);
			inputFileListPaths = (
			);
			inputPaths = (
				"${PODS_PODFILE_DIR_PATH}/Podfile.lock",
				"${PODS_ROOT}/Manifest.lock",
			);
			name = "[CP] Check Pods Manifest.lock";
			outputFileListPaths = (
			);
			outputPaths = (
				"$(DERIVED_FILE_DIR)/Pods-FlixTests-checkManifestLockResult.txt",
			);
			runOnlyForDeploymentPostprocessing = 0;
			shellPath = /bin/sh;
			shellScript = "diff \"${PODS_PODFILE_DIR_PATH}/Podfile.lock\" \"${PODS_ROOT}/Manifest.lock\" > /dev/null\nif [ $? != 0 ] ; then\n    # print error to STDERR\n    echo \"error: The sandbox is not in sync with the Podfile.lock. Run 'pod install' or update your CocoaPods installation.\" >&2\n    exit 1\nfi\n# This output is used by Xcode 'outputs' to avoid re-running this script phase.\necho \"SUCCESS\" > \"${SCRIPT_OUTPUT_FILE_0}\"\n";
			showEnvVarsInLog = 0;
		};
		858AB32E3D3D3A5BD01965AC /* [CP] Check Pods Manifest.lock */ = {
			isa = PBXShellScriptBuildPhase;
			buildActionMask = 2147483647;
			files = (
			);
			inputFileListPaths = (
			);
			inputPaths = (
				"${PODS_PODFILE_DIR_PATH}/Podfile.lock",
				"${PODS_ROOT}/Manifest.lock",
			);
			name = "[CP] Check Pods Manifest.lock";
			outputFileListPaths = (
			);
			outputPaths = (
				"$(DERIVED_FILE_DIR)/Pods-Flix-FlixUITests-checkManifestLockResult.txt",
			);
			runOnlyForDeploymentPostprocessing = 0;
			shellPath = /bin/sh;
			shellScript = "diff \"${PODS_PODFILE_DIR_PATH}/Podfile.lock\" \"${PODS_ROOT}/Manifest.lock\" > /dev/null\nif [ $? != 0 ] ; then\n    # print error to STDERR\n    echo \"error: The sandbox is not in sync with the Podfile.lock. Run 'pod install' or update your CocoaPods installation.\" >&2\n    exit 1\nfi\n# This output is used by Xcode 'outputs' to avoid re-running this script phase.\necho \"SUCCESS\" > \"${SCRIPT_OUTPUT_FILE_0}\"\n";
			showEnvVarsInLog = 0;
		};
		AE5B138579DA9E24A5853DF4 /* [CP] Embed Pods Frameworks */ = {
			isa = PBXShellScriptBuildPhase;
			buildActionMask = 2147483647;
			files = (
			);
			inputFileListPaths = (
				"${PODS_ROOT}/Target Support Files/Pods-Flix-FlixUITests/Pods-Flix-FlixUITests-frameworks-${CONFIGURATION}-input-files.xcfilelist",
			);
			name = "[CP] Embed Pods Frameworks";
			outputFileListPaths = (
				"${PODS_ROOT}/Target Support Files/Pods-Flix-FlixUITests/Pods-Flix-FlixUITests-frameworks-${CONFIGURATION}-output-files.xcfilelist",
			);
			runOnlyForDeploymentPostprocessing = 0;
			shellPath = /bin/sh;
			shellScript = "\"${PODS_ROOT}/Target Support Files/Pods-Flix-FlixUITests/Pods-Flix-FlixUITests-frameworks.sh\"\n";
			showEnvVarsInLog = 0;
		};
		BC442F5AFDA708F6157A312A /* [CP] Check Pods Manifest.lock */ = {
			isa = PBXShellScriptBuildPhase;
			buildActionMask = 2147483647;
			files = (
			);
			inputFileListPaths = (
			);
			inputPaths = (
				"${PODS_PODFILE_DIR_PATH}/Podfile.lock",
				"${PODS_ROOT}/Manifest.lock",
			);
			name = "[CP] Check Pods Manifest.lock";
			outputFileListPaths = (
			);
			outputPaths = (
				"$(DERIVED_FILE_DIR)/Pods-Flix-checkManifestLockResult.txt",
			);
			runOnlyForDeploymentPostprocessing = 0;
			shellPath = /bin/sh;
			shellScript = "diff \"${PODS_PODFILE_DIR_PATH}/Podfile.lock\" \"${PODS_ROOT}/Manifest.lock\" > /dev/null\nif [ $? != 0 ] ; then\n    # print error to STDERR\n    echo \"error: The sandbox is not in sync with the Podfile.lock. Run 'pod install' or update your CocoaPods installation.\" >&2\n    exit 1\nfi\n# This output is used by Xcode 'outputs' to avoid re-running this script phase.\necho \"SUCCESS\" > \"${SCRIPT_OUTPUT_FILE_0}\"\n";
			showEnvVarsInLog = 0;
		};
/* End PBXShellScriptBuildPhase section */

/* Begin PBXSourcesBuildPhase section */
		9EC8424D25D5D50800E12416 /* Sources */ = {
			isa = PBXSourcesBuildPhase;
			buildActionMask = 2147483647;
			files = (
				9EC8425525D5D50800E12416 /* AppDelegate.swift in Sources */,
				9EC8425725D5D50800E12416 /* SceneDelegate.swift in Sources */,
				9EC842A425D6005D00E12416 /* MovieCell.swift in Sources */,
				9EC8429C25D5E9D800E12416 /* MoviesViewController.swift in Sources */,
			);
			runOnlyForDeploymentPostprocessing = 0;
		};
		9EC8426325D5D50C00E12416 /* Sources */ = {
			isa = PBXSourcesBuildPhase;
			buildActionMask = 2147483647;
			files = (
				9EC8426C25D5D50C00E12416 /* FlixTests.swift in Sources */,
			);
			runOnlyForDeploymentPostprocessing = 0;
		};
		9EC8426E25D5D50C00E12416 /* Sources */ = {
			isa = PBXSourcesBuildPhase;
			buildActionMask = 2147483647;
			files = (
				9EC8427725D5D50C00E12416 /* FlixUITests.swift in Sources */,
			);
			runOnlyForDeploymentPostprocessing = 0;
		};
/* End PBXSourcesBuildPhase section */

/* Begin PBXTargetDependency section */
		9EC8426925D5D50C00E12416 /* PBXTargetDependency */ = {
			isa = PBXTargetDependency;
			target = 9EC8425025D5D50800E12416 /* Flix */;
			targetProxy = 9EC8426825D5D50C00E12416 /* PBXContainerItemProxy */;
		};
		9EC8427425D5D50C00E12416 /* PBXTargetDependency */ = {
			isa = PBXTargetDependency;
			target = 9EC8425025D5D50800E12416 /* Flix */;
			targetProxy = 9EC8427325D5D50C00E12416 /* PBXContainerItemProxy */;
		};
/* End PBXTargetDependency section */

/* Begin PBXVariantGroup section */
		9EC8425A25D5D50800E12416 /* Main.storyboard */ = {
			isa = PBXVariantGroup;
			children = (
				9EC8425B25D5D50800E12416 /* Base */,
			);
			name = Main.storyboard;
			sourceTree = "<group>";
		};
		9EC8425F25D5D50C00E12416 /* LaunchScreen.storyboard */ = {
			isa = PBXVariantGroup;
			children = (
				9EC8426025D5D50C00E12416 /* Base */,
			);
			name = LaunchScreen.storyboard;
			sourceTree = "<group>";
		};
/* End PBXVariantGroup section */

/* Begin XCBuildConfiguration section */
		9EC8427925D5D50C00E12416 /* Debug */ = {
			isa = XCBuildConfiguration;
			buildSettings = {
				ALWAYS_SEARCH_USER_PATHS = NO;
				CLANG_ANALYZER_NONNULL = YES;
				CLANG_ANALYZER_NUMBER_OBJECT_CONVERSION = YES_AGGRESSIVE;
				CLANG_CXX_LANGUAGE_STANDARD = "gnu++14";
				CLANG_CXX_LIBRARY = "libc++";
				CLANG_ENABLE_MODULES = YES;
				CLANG_ENABLE_OBJC_ARC = YES;
				CLANG_ENABLE_OBJC_WEAK = YES;
				CLANG_WARN_BLOCK_CAPTURE_AUTORELEASING = YES;
				CLANG_WARN_BOOL_CONVERSION = YES;
				CLANG_WARN_COMMA = YES;
				CLANG_WARN_CONSTANT_CONVERSION = YES;
				CLANG_WARN_DEPRECATED_OBJC_IMPLEMENTATIONS = YES;
				CLANG_WARN_DIRECT_OBJC_ISA_USAGE = YES_ERROR;
				CLANG_WARN_DOCUMENTATION_COMMENTS = YES;
				CLANG_WARN_EMPTY_BODY = YES;
				CLANG_WARN_ENUM_CONVERSION = YES;
				CLANG_WARN_INFINITE_RECURSION = YES;
				CLANG_WARN_INT_CONVERSION = YES;
				CLANG_WARN_NON_LITERAL_NULL_CONVERSION = YES;
				CLANG_WARN_OBJC_IMPLICIT_RETAIN_SELF = YES;
				CLANG_WARN_OBJC_LITERAL_CONVERSION = YES;
				CLANG_WARN_OBJC_ROOT_CLASS = YES_ERROR;
				CLANG_WARN_QUOTED_INCLUDE_IN_FRAMEWORK_HEADER = YES;
				CLANG_WARN_RANGE_LOOP_ANALYSIS = YES;
				CLANG_WARN_STRICT_PROTOTYPES = YES;
				CLANG_WARN_SUSPICIOUS_MOVE = YES;
				CLANG_WARN_UNGUARDED_AVAILABILITY = YES_AGGRESSIVE;
				CLANG_WARN_UNREACHABLE_CODE = YES;
				CLANG_WARN__DUPLICATE_METHOD_MATCH = YES;
				COPY_PHASE_STRIP = NO;
				DEBUG_INFORMATION_FORMAT = dwarf;
				ENABLE_STRICT_OBJC_MSGSEND = YES;
				ENABLE_TESTABILITY = YES;
				GCC_C_LANGUAGE_STANDARD = gnu11;
				GCC_DYNAMIC_NO_PIC = NO;
				GCC_NO_COMMON_BLOCKS = YES;
				GCC_OPTIMIZATION_LEVEL = 0;
				GCC_PREPROCESSOR_DEFINITIONS = (
					"DEBUG=1",
					"$(inherited)",
				);
				GCC_WARN_64_TO_32_BIT_CONVERSION = YES;
				GCC_WARN_ABOUT_RETURN_TYPE = YES_ERROR;
				GCC_WARN_UNDECLARED_SELECTOR = YES;
				GCC_WARN_UNINITIALIZED_AUTOS = YES_AGGRESSIVE;
				GCC_WARN_UNUSED_FUNCTION = YES;
				GCC_WARN_UNUSED_VARIABLE = YES;
				IPHONEOS_DEPLOYMENT_TARGET = 14.3;
				MTL_ENABLE_DEBUG_INFO = INCLUDE_SOURCE;
				MTL_FAST_MATH = YES;
				ONLY_ACTIVE_ARCH = YES;
				SDKROOT = iphoneos;
				SWIFT_ACTIVE_COMPILATION_CONDITIONS = DEBUG;
				SWIFT_OPTIMIZATION_LEVEL = "-Onone";
			};
			name = Debug;
		};
		9EC8427A25D5D50C00E12416 /* Release */ = {
			isa = XCBuildConfiguration;
			buildSettings = {
				ALWAYS_SEARCH_USER_PATHS = NO;
				CLANG_ANALYZER_NONNULL = YES;
				CLANG_ANALYZER_NUMBER_OBJECT_CONVERSION = YES_AGGRESSIVE;
				CLANG_CXX_LANGUAGE_STANDARD = "gnu++14";
				CLANG_CXX_LIBRARY = "libc++";
				CLANG_ENABLE_MODULES = YES;
				CLANG_ENABLE_OBJC_ARC = YES;
				CLANG_ENABLE_OBJC_WEAK = YES;
				CLANG_WARN_BLOCK_CAPTURE_AUTORELEASING = YES;
				CLANG_WARN_BOOL_CONVERSION = YES;
				CLANG_WARN_COMMA = YES;
				CLANG_WARN_CONSTANT_CONVERSION = YES;
				CLANG_WARN_DEPRECATED_OBJC_IMPLEMENTATIONS = YES;
				CLANG_WARN_DIRECT_OBJC_ISA_USAGE = YES_ERROR;
				CLANG_WARN_DOCUMENTATION_COMMENTS = YES;
				CLANG_WARN_EMPTY_BODY = YES;
				CLANG_WARN_ENUM_CONVERSION = YES;
				CLANG_WARN_INFINITE_RECURSION = YES;
				CLANG_WARN_INT_CONVERSION = YES;
				CLANG_WARN_NON_LITERAL_NULL_CONVERSION = YES;
				CLANG_WARN_OBJC_IMPLICIT_RETAIN_SELF = YES;
				CLANG_WARN_OBJC_LITERAL_CONVERSION = YES;
				CLANG_WARN_OBJC_ROOT_CLASS = YES_ERROR;
				CLANG_WARN_QUOTED_INCLUDE_IN_FRAMEWORK_HEADER = YES;
				CLANG_WARN_RANGE_LOOP_ANALYSIS = YES;
				CLANG_WARN_STRICT_PROTOTYPES = YES;
				CLANG_WARN_SUSPICIOUS_MOVE = YES;
				CLANG_WARN_UNGUARDED_AVAILABILITY = YES_AGGRESSIVE;
				CLANG_WARN_UNREACHABLE_CODE = YES;
				CLANG_WARN__DUPLICATE_METHOD_MATCH = YES;
				COPY_PHASE_STRIP = NO;
				DEBUG_INFORMATION_FORMAT = "dwarf-with-dsym";
				ENABLE_NS_ASSERTIONS = NO;
				ENABLE_STRICT_OBJC_MSGSEND = YES;
				GCC_C_LANGUAGE_STANDARD = gnu11;
				GCC_NO_COMMON_BLOCKS = YES;
				GCC_WARN_64_TO_32_BIT_CONVERSION = YES;
				GCC_WARN_ABOUT_RETURN_TYPE = YES_ERROR;
				GCC_WARN_UNDECLARED_SELECTOR = YES;
				GCC_WARN_UNINITIALIZED_AUTOS = YES_AGGRESSIVE;
				GCC_WARN_UNUSED_FUNCTION = YES;
				GCC_WARN_UNUSED_VARIABLE = YES;
				IPHONEOS_DEPLOYMENT_TARGET = 14.3;
				MTL_ENABLE_DEBUG_INFO = NO;
				MTL_FAST_MATH = YES;
				SDKROOT = iphoneos;
				SWIFT_COMPILATION_MODE = wholemodule;
				SWIFT_OPTIMIZATION_LEVEL = "-O";
				VALIDATE_PRODUCT = YES;
			};
			name = Release;
		};
		9EC8427C25D5D50C00E12416 /* Debug */ = {
			isa = XCBuildConfiguration;
			baseConfigurationReference = B30E0565637B6F0B42726C98 /* Pods-Flix.debug.xcconfig */;
			buildSettings = {
				ASSETCATALOG_COMPILER_APPICON_NAME = AppIcon;
				ASSETCATALOG_COMPILER_GLOBAL_ACCENT_COLOR_NAME = AccentColor;
				CODE_SIGN_STYLE = Automatic;
				INFOPLIST_FILE = Flix/Info.plist;
				LD_RUNPATH_SEARCH_PATHS = (
					"$(inherited)",
					"@executable_path/Frameworks",
				);
				PRODUCT_BUNDLE_IDENTIFIER = codepath.Flix;
				PRODUCT_NAME = "$(TARGET_NAME)";
				SWIFT_VERSION = 5.0;
				TARGETED_DEVICE_FAMILY = "1,2";
			};
			name = Debug;
		};
		9EC8427D25D5D50C00E12416 /* Release */ = {
			isa = XCBuildConfiguration;
			baseConfigurationReference = C174B06B25E1DA3E3A30D46F /* Pods-Flix.release.xcconfig */;
			buildSettings = {
				ASSETCATALOG_COMPILER_APPICON_NAME = AppIcon;
				ASSETCATALOG_COMPILER_GLOBAL_ACCENT_COLOR_NAME = AccentColor;
				CODE_SIGN_STYLE = Automatic;
				INFOPLIST_FILE = Flix/Info.plist;
				LD_RUNPATH_SEARCH_PATHS = (
					"$(inherited)",
					"@executable_path/Frameworks",
				);
				PRODUCT_BUNDLE_IDENTIFIER = codepath.Flix;
				PRODUCT_NAME = "$(TARGET_NAME)";
				SWIFT_VERSION = 5.0;
				TARGETED_DEVICE_FAMILY = "1,2";
			};
			name = Release;
		};
		9EC8427F25D5D50C00E12416 /* Debug */ = {
			isa = XCBuildConfiguration;
			baseConfigurationReference = 2113BD0ACA3B71170F5C3D8F /* Pods-FlixTests.debug.xcconfig */;
			buildSettings = {
				ALWAYS_EMBED_SWIFT_STANDARD_LIBRARIES = YES;
				BUNDLE_LOADER = "$(TEST_HOST)";
				CODE_SIGN_STYLE = Automatic;
				INFOPLIST_FILE = FlixTests/Info.plist;
				IPHONEOS_DEPLOYMENT_TARGET = 14.3;
				LD_RUNPATH_SEARCH_PATHS = (
					"$(inherited)",
					"@executable_path/Frameworks",
					"@loader_path/Frameworks",
				);
				PRODUCT_BUNDLE_IDENTIFIER = codepath.FlixTests;
				PRODUCT_NAME = "$(TARGET_NAME)";
				SWIFT_VERSION = 5.0;
				TARGETED_DEVICE_FAMILY = "1,2";
				TEST_HOST = "$(BUILT_PRODUCTS_DIR)/Flix.app/Flix";
			};
			name = Debug;
		};
		9EC8428025D5D50C00E12416 /* Release */ = {
			isa = XCBuildConfiguration;
			baseConfigurationReference = 44DFE8D1EFE6C97567E4C0D6 /* Pods-FlixTests.release.xcconfig */;
			buildSettings = {
				ALWAYS_EMBED_SWIFT_STANDARD_LIBRARIES = YES;
				BUNDLE_LOADER = "$(TEST_HOST)";
				CODE_SIGN_STYLE = Automatic;
				INFOPLIST_FILE = FlixTests/Info.plist;
				IPHONEOS_DEPLOYMENT_TARGET = 14.3;
				LD_RUNPATH_SEARCH_PATHS = (
					"$(inherited)",
					"@executable_path/Frameworks",
					"@loader_path/Frameworks",
				);
				PRODUCT_BUNDLE_IDENTIFIER = codepath.FlixTests;
				PRODUCT_NAME = "$(TARGET_NAME)";
				SWIFT_VERSION = 5.0;
				TARGETED_DEVICE_FAMILY = "1,2";
				TEST_HOST = "$(BUILT_PRODUCTS_DIR)/Flix.app/Flix";
			};
			name = Release;
		};
		9EC8428225D5D50C00E12416 /* Debug */ = {
			isa = XCBuildConfiguration;
			baseConfigurationReference = A49A4318201E6406444E511C /* Pods-Flix-FlixUITests.debug.xcconfig */;
			buildSettings = {
				ALWAYS_EMBED_SWIFT_STANDARD_LIBRARIES = YES;
				CODE_SIGN_STYLE = Automatic;
				INFOPLIST_FILE = FlixUITests/Info.plist;
				LD_RUNPATH_SEARCH_PATHS = (
					"$(inherited)",
					"@executable_path/Frameworks",
					"@loader_path/Frameworks",
				);
				PRODUCT_BUNDLE_IDENTIFIER = codepath.FlixUITests;
				PRODUCT_NAME = "$(TARGET_NAME)";
				SWIFT_VERSION = 5.0;
				TARGETED_DEVICE_FAMILY = "1,2";
				TEST_TARGET_NAME = Flix;
			};
			name = Debug;
		};
		9EC8428325D5D50C00E12416 /* Release */ = {
			isa = XCBuildConfiguration;
			baseConfigurationReference = EF81B4ABDCDFE940AD431311 /* Pods-Flix-FlixUITests.release.xcconfig */;
			buildSettings = {
				ALWAYS_EMBED_SWIFT_STANDARD_LIBRARIES = YES;
				CODE_SIGN_STYLE = Automatic;
				INFOPLIST_FILE = FlixUITests/Info.plist;
				LD_RUNPATH_SEARCH_PATHS = (
					"$(inherited)",
					"@executable_path/Frameworks",
					"@loader_path/Frameworks",
				);
				PRODUCT_BUNDLE_IDENTIFIER = codepath.FlixUITests;
				PRODUCT_NAME = "$(TARGET_NAME)";
				SWIFT_VERSION = 5.0;
				TARGETED_DEVICE_FAMILY = "1,2";
				TEST_TARGET_NAME = Flix;
			};
			name = Release;
		};
/* End XCBuildConfiguration section */

/* Begin XCConfigurationList section */
		9EC8424C25D5D50800E12416 /* Build configuration list for PBXProject "Flix" */ = {
			isa = XCConfigurationList;
			buildConfigurations = (
				9EC8427925D5D50C00E12416 /* Debug */,
				9EC8427A25D5D50C00E12416 /* Release */,
			);
			defaultConfigurationIsVisible = 0;
			defaultConfigurationName = Release;
		};
		9EC8427B25D5D50C00E12416 /* Build configuration list for PBXNativeTarget "Flix" */ = {
			isa = XCConfigurationList;
			buildConfigurations = (
				9EC8427C25D5D50C00E12416 /* Debug */,
				9EC8427D25D5D50C00E12416 /* Release */,
			);
			defaultConfigurationIsVisible = 0;
			defaultConfigurationName = Release;
		};
		9EC8427E25D5D50C00E12416 /* Build configuration list for PBXNativeTarget "FlixTests" */ = {
			isa = XCConfigurationList;
			buildConfigurations = (
				9EC8427F25D5D50C00E12416 /* Debug */,
				9EC8428025D5D50C00E12416 /* Release */,
			);
			defaultConfigurationIsVisible = 0;
			defaultConfigurationName = Release;
		};
		9EC8428125D5D50C00E12416 /* Build configuration list for PBXNativeTarget "FlixUITests" */ = {
			isa = XCConfigurationList;
			buildConfigurations = (
				9EC8428225D5D50C00E12416 /* Debug */,
				9EC8428325D5D50C00E12416 /* Release */,
			);
			defaultConfigurationIsVisible = 0;
			defaultConfigurationName = Release;
		};
/* End XCConfigurationList section */
	};
	rootObject = 9EC8424925D5D50800E12416 /* Project object */;
}
